Microsoft Visual Studio Solution File, Format Version 11.00
# Visual Studio 2008

Project("{27D86B30-7E99-85BA-CF6C-AD1AFAEF90FB}") = "DC_Unity-master", "Assembly-CSharp-firstpass.csproj", "{C2F3B846-417D-0557-AFAF-4E0161A5BF05}"
EndProject
Project("{27D86B30-7E99-85BA-CF6C-AD1AFAEF90FB}") = "DC_Unity-master", "Assembly-CSharp.csproj", "{8029E872-1B60-74D0-6D9C-52901E19FB93}"
EndProject
Project("{27D86B30-7E99-85BA-CF6C-AD1AFAEF90FB}") = "DC_Unity-master", "Assembly-CSharp-Editor-firstpass.csproj", "{601E3D70-77E6-D526-A4C8-87E0ACFCF17E}"
EndProject
Global
	GlobalSection(SolutionConfigurationPlatforms) = preSolution
		Debug|Any CPU = Debug|Any CPU
		Release|Any CPU = Release|Any CPU
	EndGlobalSection
	GlobalSection(ProjectConfigurationPlatforms) = postSolution
		{C2F3B846-417D-0557-AFAF-4E0161A5BF05}.Debug|Any CPU.ActiveCfg = Debug|Any CPU
		{C2F3B846-417D-0557-AFAF-4E0161A5BF05}.Debug|Any CPU.Build.0 = Debug|Any CPU
		{C2F3B846-417D-0557-AFAF-4E0161A5BF05}.Release|Any CPU.ActiveCfg = Release|Any CPU
		{C2F3B846-417D-0557-AFAF-4E0161A5BF05}.Release|Any CPU.Build.0 = Release|Any CPU
		{8029E872-1B60-74D0-6D9C-52901E19FB93}.Debug|Any CPU.ActiveCfg = Debug|Any CPU
		{8029E872-1B60-74D0-6D9C-52901E19FB93}.Debug|Any CPU.Build.0 = Debug|Any CPU
		{8029E872-1B60-74D0-6D9C-52901E19FB93}.Release|Any CPU.ActiveCfg = Release|Any CPU
		{8029E872-1B60-74D0-6D9C-52901E19FB93}.Release|Any CPU.Build.0 = Release|Any CPU
		{601E3D70-77E6-D526-A4C8-87E0ACFCF17E}.Debug|Any CPU.ActiveCfg = Debug|Any CPU
		{601E3D70-77E6-D526-A4C8-87E0ACFCF17E}.Debug|Any CPU.Build.0 = Debug|Any CPU
		{601E3D70-77E6-D526-A4C8-87E0ACFCF17E}.Release|Any CPU.ActiveCfg = Release|Any CPU
		{601E3D70-77E6-D526-A4C8-87E0ACFCF17E}.Release|Any CPU.Build.0 = Release|Any CPU
	EndGlobalSection
	GlobalSection(SolutionProperties) = preSolution
		HideSolutionNode = FALSE
	EndGlobalSection
	GlobalSection(MonoDevelopProperties) = preSolution
		StartupItem = Assembly-CSharp.csproj
	EndGlobalSection
EndGlobal
